// !$*UTF8*$!
{
	archiveVersion = 1;
	classes = {
	};
	objectVersion = 56;
	objects = {

/* Begin PBXBuildFile section */
		DB8ACC322AEBEC4000EE449E /* HookParallels.m in Sources */ = {isa = PBXBuildFile; fileRef = DB8ACC312AEBEC4000EE449E /* HookParallels.m */; };
		DB8ACC342AEBEC4C00EE449E /* HookParallels.h in Headers */ = {isa = PBXBuildFile; fileRef = DB8ACC332AEBEC4C00EE449E /* HookParallels.h */; };
		DB8ACC362AEBEC8D00EE449E /* Utils.m in Sources */ = {isa = PBXBuildFile; fileRef = DB8ACC352AEBEC8D00EE449E /* Utils.m */; };
		DB8ACC382AEBEC9D00EE449E /* Utils.h in Headers */ = {isa = PBXBuildFile; fileRef = DB8ACC372AEBEC9D00EE449E /* Utils.h */; };
		DB8ACC3A2AEBECC700EE449E /* rd_route.m in Sources */ = {isa = PBXBuildFile; fileRef = DB8ACC392AEBECC700EE449E /* rd_route.m */; };
		DB8ACC3C2AEBECE800EE449E /* rd_route.h in Headers */ = {isa = PBXBuildFile; fileRef = DB8ACC3B2AEBECE800EE449E /* rd_route.h */; };
/* End PBXBuildFile section */

/* Begin PBXFileReference section */
		DB8ACC2A2AEBEC2C00EE449E /* libHookParallels.dylib */ = {isa = PBXFileReference; explicitFileType = "compiled.mach-o.dylib"; includeInIndex = 0; path = libHookParallels.dylib; sourceTree = BUILT_PRODUCTS_DIR; };
		DB8ACC312AEBEC4000EE449E /* HookParallels.m */ = {isa = PBXFileReference; lastKnownFileType = sourcecode.c.objc; path = HookParallels.m; sourceTree = "<group>"; };
		DB8ACC332AEBEC4C00EE449E /* HookParallels.h */ = {isa = PBXFileReference; lastKnownFileType = sourcecode.c.h; path = HookParallels.h; sourceTree = "<group>"; };
		DB8ACC352AEBEC8D00EE449E /* Utils.m */ = {isa = PBXFileReference; lastKnownFileType = sourcecode.c.objc; path = Utils.m; sourceTree = "<group>"; };
		DB8ACC372AEBEC9D00EE449E /* Utils.h */ = {isa = PBXFileReference; lastKnownFileType = sourcecode.c.h; path = Utils.h; sourceTree = "<group>"; };
		DB8ACC392AEBECC700EE449E /* rd_route.m */ = {isa = PBXFileReference; lastKnownFileType = sourcecode.c.objc; path = rd_route.m; sourceTree = "<group>"; };
		DB8ACC3B2AEBECE800EE449E /* rd_route.h */ = {isa = PBXFileReference; lastKnownFileType = sourcecode.c.h; path = rd_route.h; sourceTree = "<group>"; };
/* End PBXFileReference section */

/* Begin PBXFrameworksBuildPhase section */
		DB8ACC282AEBEC2C00EE449E /* Frameworks */ = {
			isa = PBXFrameworksBuildPhase;
			buildActionMask = 2147483647;
			files = (
			);
			runOnlyForDeploymentPostprocessing = 0;
		};
/* End PBXFrameworksBuildPhase section */

/* Begin PBXGroup section */
		DB8ACC212AEBEC2C00EE449E = {
			isa = PBXGroup;
			children = (
				DB8ACC3B2AEBECE800EE449E /* rd_route.h */,
				DB8ACC392AEBECC700EE449E /* rd_route.m */,
				DB8ACC372AEBEC9D00EE449E /* Utils.h */,
				DB8ACC352AEBEC8D00EE449E /* Utils.m */,
				DB8ACC332AEBEC4C00EE449E /* HookParallels.h */,
				DB8ACC312AEBEC4000EE449E /* HookParallels.m */,
				DB8ACC2B2AEBEC2C00EE449E /* Products */,
			);
			sourceTree = "<group>";
		};
		DB8ACC2B2AEBEC2C00EE449E /* Products */ = {
			isa = PBXGroup;
			children = (
				DB8ACC2A2AEBEC2C00EE449E /* libHookParallels.dylib */,
			);
			name = Products;
			sourceTree = "<group>";
		};
/* End PBXGroup section */

/* Begin PBXHeadersBuildPhase section */
		DB8ACC262AEBEC2C00EE449E /* Headers */ = {
			isa = PBXHeadersBuildPhase;
			buildActionMask = 2147483647;
			files = (
				DB8ACC382AEBEC9D00EE449E /* Utils.h in Headers */,
				DB8ACC3C2AEBECE800EE449E /* rd_route.h in Headers */,
				DB8ACC342AEBEC4C00EE449E /* HookParallels.h in Headers */,
			);
			runOnlyForDeploymentPostprocessing = 0;
		};
/* End PBXHeadersBuildPhase section */

/* Begin PBXNativeTarget section */
		DB8ACC292AEBEC2C00EE449E /* HookParallels */ = {
			isa = PBXNativeTarget;
			buildConfigurationList = DB8ACC2E2AEBEC2C00EE449E /* Build configuration list for PBXNativeTarget "HookParallels" */;
			buildPhases = (
				DB8ACC262AEBEC2C00EE449E /* Headers */,
				DB8ACC272AEBEC2C00EE449E /* Sources */,
				DB8ACC282AEBEC2C00EE449E /* Frameworks */,
			);
			buildRules = (
			);
			dependencies = (
			);
			name = HookParallels;
			productName = HookParallels;
			productReference = DB8ACC2A2AEBEC2C00EE449E /* libHookParallels.dylib */;
			productType = "com.apple.product-type.library.dynamic";
		};
/* End PBXNativeTarget section */

/* Begin PBXProject section */
		DB8ACC222AEBEC2C00EE449E /* Project object */ = {
			isa = PBXProject;
			attributes = {
				BuildIndependentTargetsInParallel = 1;
				LastUpgradeCheck = 1500;
				TargetAttributes = {
					DB8ACC292AEBEC2C00EE449E = {
						CreatedOnToolsVersion = 15.0;
					};
				};
			};
			buildConfigurationList = DB8ACC252AEBEC2C00EE449E /* Build configuration list for PBXProject "HookParallels" */;
			compatibilityVersion = "Xcode 14.0";
			developmentRegion = en;
			hasScannedForEncodings = 0;
			knownRegions = (
				en,
				Base,
			);
			mainGroup = DB8ACC212AEBEC2C00EE449E;
			productRefGroup = DB8ACC2B2AEBEC2C00EE449E /* Products */;
			projectDirPath = "";
			projectRoot = "";
			targets = (
				DB8ACC292AEBEC2C00EE449E /* HookParallels */,
			);
		};
/* End PBXProject section */

/* Begin PBXSourcesBuildPhase section */
		DB8ACC272AEBEC2C00EE449E /* Sources */ = {
			isa = PBXSourcesBuildPhase;
			buildActionMask = 2147483647;
			files = (
				DB8ACC322AEBEC4000EE449E /* HookParallels.m in Sources */,
				DB8ACC362AEBEC8D00EE449E /* Utils.m in Sources */,
				DB8ACC3A2AEBECC700EE449E /* rd_route.m in Sources */,
			);
			runOnlyForDeploymentPostprocessing = 0;
		};
/* End PBXSourcesBuildPhase section */

/* Begin XCBuildConfiguration section */
		DB8ACC2C2AEBEC2C00EE449E /* Debug */ = {
			isa = XCBuildConfiguration;
			buildSettings = {
				ALWAYS_SEARCH_USER_PATHS = NO;
				ASSETCATALOG_COMPILER_GENERATE_SWIFT_ASSET_SYMBOL_EXTENSIONS = YES;
				CLANG_ANALYZER_NONNULL = YES;
				CLANG_ANALYZER_NUMBER_OBJECT_CONVERSION = YES_AGGRESSIVE;
				CLANG_CXX_LANGUAGE_STANDARD = "gnu++20";
				CLANG_ENABLE_MODULES = YES;
				CLANG_ENABLE_OBJC_ARC = YES;
				CLANG_ENABLE_OBJC_WEAK = YES;
				CLANG_WARN_BLOCK_CAPTURE_AUTORELEASING = YES;
				CLANG_WARN_BOOL_CONVERSION = YES;
				CLANG_WARN_COMMA = YES;
				CLANG_WARN_CONSTANT_CONVERSION = YES;
				CLANG_WARN_DEPRECATED_OBJC_IMPLEMENTATIONS = YES;
				CLANG_WARN_DIRECT_OBJC_ISA_USAGE = YES_ERROR;
				CLANG_WARN_DOCUMENTATION_COMMENTS = YES;
				CLANG_WARN_EMPTY_BODY = YES;
				CLANG_WARN_ENUM_CONVERSION = YES;
				CLANG_WARN_INFINITE_RECURSION = YES;
				CLANG_WARN_INT_CONVERSION = YES;
				CLANG_WARN_NON_LITERAL_NULL_CONVERSION = YES;
				CLANG_WARN_OBJC_IMPLICIT_RETAIN_SELF = YES;
				CLANG_WARN_OBJC_LITERAL_CONVERSION = YES;
				CLANG_WARN_OBJC_ROOT_CLASS = YES_ERROR;
				CLANG_WARN_QUOTED_INCLUDE_IN_FRAMEWORK_HEADER = YES;
				CLANG_WARN_RANGE_LOOP_ANALYSIS = YES;
				CLANG_WARN_STRICT_PROTOTYPES = YES;
				CLANG_WARN_SUSPICIOUS_MOVE = YES;
				CLANG_WARN_UNGUARDED_AVAILABILITY = YES_AGGRESSIVE;
				CLANG_WARN_UNREACHABLE_CODE = YES;
				CLANG_WARN__DUPLICATE_METHOD_MATCH = YES;
				COPY_PHASE_STRIP = NO;
				DEBUG_INFORMATION_FORMAT = dwarf;
				ENABLE_STRICT_OBJC_MSGSEND = YES;
				ENABLE_TESTABILITY = YES;
				ENABLE_USER_SCRIPT_SANDBOXING = YES;
				GCC_C_LANGUAGE_STANDARD = gnu17;
				GCC_DYNAMIC_NO_PIC = NO;
				GCC_NO_COMMON_BLOCKS = YES;
				GCC_OPTIMIZATION_LEVEL = 0;
				GCC_PREPROCESSOR_DEFINITIONS = (
					"DEBUG=1",
					"$(inherited)",
				);
				GCC_WARN_64_TO_32_BIT_CONVERSION = YES;
				GCC_WARN_ABOUT_RETURN_TYPE = YES_ERROR;
				GCC_WARN_UNDECLARED_SELECTOR = YES;
				GCC_WARN_UNINITIALIZED_AUTOS = YES_AGGRESSIVE;
				GCC_WARN_UNUSED_FUNCTION = YES;
				GCC_WARN_UNUSED_VARIABLE = YES;
				LOCALIZATION_PREFERS_STRING_CATALOGS = YES;
				MACOSX_DEPLOYMENT_TARGET = 14.0;
				MTL_ENABLE_DEBUG_INFO = INCLUDE_SOURCE;
				MTL_FAST_MATH = YES;
				ONLY_ACTIVE_ARCH = YES;
				SDKROOT = macosx;
			};
			name = Debug;
		};
		DB8ACC2D2AEBEC2C00EE449E /* Release */ = {
			isa = XCBuildConfiguration;
			buildSettings = {
				ALWAYS_SEARCH_USER_PATHS = NO;
				ASSETCATALOG_COMPILER_GENERATE_SWIFT_ASSET_SYMBOL_EXTENSIONS = YES;
				CLANG_ANALYZER_NONNULL = YES;
				CLANG_ANALYZER_NUMBER_OBJECT_CONVERSION = YES_AGGRESSIVE;
				CLANG_CXX_LANGUAGE_STANDARD = "gnu++20";
				CLANG_ENABLE_MODULES = YES;
				CLANG_ENABLE_OBJC_ARC = YES;
				CLANG_ENABLE_OBJC_WEAK = YES;
				CLANG_WARN_BLOCK_CAPTURE_AUTORELEASING = YES;
				CLANG_WARN_BOOL_CONVERSION = YES;
				CLANG_WARN_COMMA = YES;
				CLANG_WARN_CONSTANT_CONVERSION = YES;
				CLANG_WARN_DEPRECATED_OBJC_IMPLEMENTATIONS = YES;
				CLANG_WARN_DIRECT_OBJC_ISA_USAGE = YES_ERROR;
				CLANG_WARN_DOCUMENTATION_COMMENTS = YES;
				CLANG_WARN_EMPTY_BODY = YES;
				CLANG_WARN_ENUM_CONVERSION = YES;
				CLANG_WARN_INFINITE_RECURSION = YES;
				CLANG_WARN_INT_CONVERSION = YES;
				CLANG_WARN_NON_LITERAL_NULL_CONVERSION = YES;
				CLANG_WARN_OBJC_IMPLICIT_RETAIN_SELF = YES;
				CLANG_WARN_OBJC_LITERAL_CONVERSION = YES;
				CLANG_WARN_OBJC_ROOT_CLASS = YES_ERROR;
				CLANG_WARN_QUOTED_INCLUDE_IN_FRAMEWORK_HEADER = YES;
				CLANG_WARN_RANGE_LOOP_ANALYSIS = YES;
				CLANG_WARN_STRICT_PROTOTYPES = YES;
				CLANG_WARN_SUSPICIOUS_MOVE = YES;
				CLANG_WARN_UNGUARDED_AVAILABILITY = YES_AGGRESSIVE;
				CLANG_WARN_UNREACHABLE_CODE = YES;
				CLANG_WARN__DUPLICATE_METHOD_MATCH = YES;
				COPY_PHASE_STRIP = NO;
				DEBUG_INFORMATION_FORMAT = "dwarf-with-dsym";
				ENABLE_NS_ASSERTIONS = NO;
				ENABLE_STRICT_OBJC_MSGSEND = YES;
				ENABLE_USER_SCRIPT_SANDBOXING = YES;
				GCC_C_LANGUAGE_STANDARD = gnu17;
				GCC_NO_COMMON_BLOCKS = YES;
				GCC_WARN_64_TO_32_BIT_CONVERSION = YES;
				GCC_WARN_ABOUT_RETURN_TYPE = YES_ERROR;
				GCC_WARN_UNDECLARED_SELECTOR = YES;
				GCC_WARN_UNINITIALIZED_AUTOS = YES_AGGRESSIVE;
				GCC_WARN_UNUSED_FUNCTION = YES;
				GCC_WARN_UNUSED_VARIABLE = YES;
				LOCALIZATION_PREFERS_STRING_CATALOGS = YES;
				MACOSX_DEPLOYMENT_TARGET = 14.0;
				MTL_ENABLE_DEBUG_INFO = NO;
				MTL_FAST_MATH = YES;
				SDKROOT = macosx;
			};
			name = Release;
		};
		DB8ACC2F2AEBEC2C00EE449E /* Debug */ = {
			isa = XCBuildConfiguration;
			buildSettings = {
				CODE_SIGN_STYLE = Automatic;
				DYLIB_COMPATIBILITY_VERSION = 1;
				DYLIB_CURRENT_VERSION = 1;
				EXECUTABLE_PREFIX = lib;
				PRODUCT_NAME = "$(TARGET_NAME)";
				SKIP_INSTALL = YES;
			};
			name = Debug;
		};
		DB8ACC302AEBEC2C00EE449E /* Release */ = {
			isa = XCBuildConfiguration;
			buildSettings = {
				CODE_SIGN_STYLE = Automatic;
				DYLIB_COMPATIBILITY_VERSION = 1;
				DYLIB_CURRENT_VERSION = 1;
				EXECUTABLE_PREFIX = lib;
				PRODUCT_NAME = "$(TARGET_NAME)";
				SKIP_INSTALL = YES;
			};
			name = Release;
		};
/* End XCBuildConfiguration section */

/* Begin XCConfigurationList section */
		DB8ACC252AEBEC2C00EE449E /* Build configuration list for PBXProject "HookParallels" */ = {
			isa = XCConfigurationList;
			buildConfigurations = (
				DB8ACC2C2AEBEC2C00EE449E /* Debug */,
				DB8ACC2D2AEBEC2C00EE449E /* Release */,
			);
			defaultConfigurationIsVisible = 0;
			defaultConfigurationName = Release;
		};
		DB8ACC2E2AEBEC2C00EE449E /* Build configuration list for PBXNativeTarget "HookParallels" */ = {
			isa = XCConfigurationList;
			buildConfigurations = (
				DB8ACC2F2AEBEC2C00EE449E /* Debug */,
				DB8ACC302AEBEC2C00EE449E /* Release */,
			);
			defaultConfigurationIsVisible = 0;
			defaultConfigurationName = Release;
		};
/* End XCConfigurationList section */
	};
	rootObject = DB8ACC222AEBEC2C00EE449E /* Project object */;
}
